// !$*UTF8*$!
{
	archiveVersion = 1;
	classes = {
	};
	objectVersion = 50;
	objects = {

/* Begin PBXBuildFile section */
		3059C8AE237656FF005FFA93 /* AppDelegate.swift in Sources */ = {isa = PBXBuildFile; fileRef = 3059C8AD237656FF005FFA93 /* AppDelegate.swift */; };
		3059C8B0237656FF005FFA93 /* SceneDelegate.swift in Sources */ = {isa = PBXBuildFile; fileRef = 3059C8AF237656FF005FFA93 /* SceneDelegate.swift */; };
		3059C8B2237656FF005FFA93 /* ViewController.swift in Sources */ = {isa = PBXBuildFile; fileRef = 3059C8B1237656FF005FFA93 /* ViewController.swift */; };
		3059C8B5237656FF005FFA93 /* Main.storyboard in Resources */ = {isa = PBXBuildFile; fileRef = 3059C8B3237656FF005FFA93 /* Main.storyboard */; };
		3059C8B8237656FF005FFA93 /* diceroller_finalproject.xcdatamodeld in Sources */ = {isa = PBXBuildFile; fileRef = 3059C8B6237656FF005FFA93 /* diceroller_finalproject.xcdatamodeld */; };
		3059C8BA23765701005FFA93 /* Assets.xcassets in Resources */ = {isa = PBXBuildFile; fileRef = 3059C8B923765701005FFA93 /* Assets.xcassets */; };
		3059C8BD23765701005FFA93 /* LaunchScreen.storyboard in Resources */ = {isa = PBXBuildFile; fileRef = 3059C8BB23765701005FFA93 /* LaunchScreen.storyboard */; };
		38435FE0237F5E9A00654178 /* Character.swift in Sources */ = {isa = PBXBuildFile; fileRef = 38435FDF237F5E9A00654178 /* Character.swift */; };
		388A248D2389BEA8004710EF /* Monster.swift in Sources */ = {isa = PBXBuildFile; fileRef = 388A248C2389BEA8004710EF /* Monster.swift */; };
		38C9A7F2239AD8E600B88CB1 /* noBarViewController.swift in Sources */ = {isa = PBXBuildFile; fileRef = 38C9A7F1239AD8E600B88CB1 /* noBarViewController.swift */; };
		38CCDD6C238378B100FD08A8 /* DiceViewController.swift in Sources */ = {isa = PBXBuildFile; fileRef = 38CCDD6B238378B100FD08A8 /* DiceViewController.swift */; };
		38CCDD6E238378D500FD08A8 /* Dice.swift in Sources */ = {isa = PBXBuildFile; fileRef = 38CCDD6D238378D500FD08A8 /* Dice.swift */; };
		38CCDD70238378F900FD08A8 /* DiceGraphic.swift in Sources */ = {isa = PBXBuildFile; fileRef = 38CCDD6F238378F900FD08A8 /* DiceGraphic.swift */; };
		38F8A57E237CA27300948791 /* CharacterTableViewController.swift in Sources */ = {isa = PBXBuildFile; fileRef = 38F8A57D237CA27300948791 /* CharacterTableViewController.swift */; };
		38F8A580237CA2DD00948791 /* CharacterTableViewCell.swift in Sources */ = {isa = PBXBuildFile; fileRef = 38F8A57F237CA2DD00948791 /* CharacterTableViewCell.swift */; };
		38F8A582237CA3FD00948791 /* AddCharacterViewController.swift in Sources */ = {isa = PBXBuildFile; fileRef = 38F8A581237CA3FD00948791 /* AddCharacterViewController.swift */; };
/* End PBXBuildFile section */

/* Begin PBXFileReference section */
		3059C8AA237656FF005FFA93 /* diceroller_finalproject.app */ = {isa = PBXFileReference; explicitFileType = wrapper.application; includeInIndex = 0; path = diceroller_finalproject.app; sourceTree = BUILT_PRODUCTS_DIR; };
		3059C8AD237656FF005FFA93 /* AppDelegate.swift */ = {isa = PBXFileReference; lastKnownFileType = sourcecode.swift; path = AppDelegate.swift; sourceTree = "<group>"; };
		3059C8AF237656FF005FFA93 /* SceneDelegate.swift */ = {isa = PBXFileReference; lastKnownFileType = sourcecode.swift; path = SceneDelegate.swift; sourceTree = "<group>"; };
		3059C8B1237656FF005FFA93 /* ViewController.swift */ = {isa = PBXFileReference; lastKnownFileType = sourcecode.swift; path = ViewController.swift; sourceTree = "<group>"; };
		3059C8B4237656FF005FFA93 /* Base */ = {isa = PBXFileReference; lastKnownFileType = file.storyboard; name = Base; path = Base.lproj/Main.storyboard; sourceTree = "<group>"; };
		3059C8B7237656FF005FFA93 /* diceroller_finalproject.xcdatamodel */ = {isa = PBXFileReference; lastKnownFileType = wrapper.xcdatamodel; path = diceroller_finalproject.xcdatamodel; sourceTree = "<group>"; };
		3059C8B923765701005FFA93 /* Assets.xcassets */ = {isa = PBXFileReference; lastKnownFileType = folder.assetcatalog; path = Assets.xcassets; sourceTree = "<group>"; };
		3059C8BC23765701005FFA93 /* Base */ = {isa = PBXFileReference; lastKnownFileType = file.storyboard; name = Base; path = Base.lproj/LaunchScreen.storyboard; sourceTree = "<group>"; };
		3059C8BE23765701005FFA93 /* Info.plist */ = {isa = PBXFileReference; lastKnownFileType = text.plist.xml; path = Info.plist; sourceTree = "<group>"; };
		38435FDF237F5E9A00654178 /* Character.swift */ = {isa = PBXFileReference; lastKnownFileType = sourcecode.swift; path = Character.swift; sourceTree = "<group>"; };
		388A248C2389BEA8004710EF /* Monster.swift */ = {isa = PBXFileReference; lastKnownFileType = sourcecode.swift; path = Monster.swift; sourceTree = "<group>"; };
		38C9A7F1239AD8E600B88CB1 /* noBarViewController.swift */ = {isa = PBXFileReference; lastKnownFileType = sourcecode.swift; path = noBarViewController.swift; sourceTree = "<group>"; };
		38CCDD6B238378B100FD08A8 /* DiceViewController.swift */ = {isa = PBXFileReference; lastKnownFileType = sourcecode.swift; path = DiceViewController.swift; sourceTree = "<group>"; };
		38CCDD6D238378D500FD08A8 /* Dice.swift */ = {isa = PBXFileReference; lastKnownFileType = sourcecode.swift; path = Dice.swift; sourceTree = "<group>"; };
		38CCDD6F238378F900FD08A8 /* DiceGraphic.swift */ = {isa = PBXFileReference; lastKnownFileType = sourcecode.swift; path = DiceGraphic.swift; sourceTree = "<group>"; };
		38F8A57D237CA27300948791 /* CharacterTableViewController.swift */ = {isa = PBXFileReference; lastKnownFileType = sourcecode.swift; path = CharacterTableViewController.swift; sourceTree = "<group>"; };
		38F8A57F237CA2DD00948791 /* CharacterTableViewCell.swift */ = {isa = PBXFileReference; lastKnownFileType = sourcecode.swift; path = CharacterTableViewCell.swift; sourceTree = "<group>"; };
		38F8A581237CA3FD00948791 /* AddCharacterViewController.swift */ = {isa = PBXFileReference; lastKnownFileType = sourcecode.swift; path = AddCharacterViewController.swift; sourceTree = "<group>"; };
/* End PBXFileReference section */

/* Begin PBXFrameworksBuildPhase section */
		3059C8A7237656FF005FFA93 /* Frameworks */ = {
			isa = PBXFrameworksBuildPhase;
			buildActionMask = 2147483647;
			files = (
			);
			runOnlyForDeploymentPostprocessing = 0;
		};
/* End PBXFrameworksBuildPhase section */

/* Begin PBXGroup section */
		3059C8A1237656FF005FFA93 = {
			isa = PBXGroup;
			children = (
				3059C8AC237656FF005FFA93 /* diceroller_finalproject */,
				3059C8AB237656FF005FFA93 /* Products */,
			);
			sourceTree = "<group>";
		};
		3059C8AB237656FF005FFA93 /* Products */ = {
			isa = PBXGroup;
			children = (
				3059C8AA237656FF005FFA93 /* diceroller_finalproject.app */,
			);
			name = Products;
			sourceTree = "<group>";
		};
		3059C8AC237656FF005FFA93 /* diceroller_finalproject */ = {
			isa = PBXGroup;
			children = (
				3059C8AD237656FF005FFA93 /* AppDelegate.swift */,
				3059C8AF237656FF005FFA93 /* SceneDelegate.swift */,
				3059C8B1237656FF005FFA93 /* ViewController.swift */,
				38F8A57D237CA27300948791 /* CharacterTableViewController.swift */,
				38435FDF237F5E9A00654178 /* Character.swift */,
				38F8A57F237CA2DD00948791 /* CharacterTableViewCell.swift */,
				3059C8B3237656FF005FFA93 /* Main.storyboard */,
				38C9A7F1239AD8E600B88CB1 /* noBarViewController.swift */,
				388A248C2389BEA8004710EF /* Monster.swift */,
				38CCDD6B238378B100FD08A8 /* DiceViewController.swift */,
				38CCDD6D238378D500FD08A8 /* Dice.swift */,
				38CCDD6F238378F900FD08A8 /* DiceGraphic.swift */,
				38F8A581237CA3FD00948791 /* AddCharacterViewController.swift */,
				3059C8B923765701005FFA93 /* Assets.xcassets */,
				3059C8BB23765701005FFA93 /* LaunchScreen.storyboard */,
				3059C8BE23765701005FFA93 /* Info.plist */,
				3059C8B6237656FF005FFA93 /* diceroller_finalproject.xcdatamodeld */,
			);
			path = diceroller_finalproject;
			sourceTree = "<group>";
		};
/* End PBXGroup section */

/* Begin PBXNativeTarget section */
		3059C8A9237656FF005FFA93 /* diceroller_finalproject */ = {
			isa = PBXNativeTarget;
			buildConfigurationList = 3059C8C123765701005FFA93 /* Build configuration list for PBXNativeTarget "diceroller_finalproject" */;
			buildPhases = (
				3059C8A6237656FF005FFA93 /* Sources */,
				3059C8A7237656FF005FFA93 /* Frameworks */,
				3059C8A8237656FF005FFA93 /* Resources */,
			);
			buildRules = (
			);
			dependencies = (
			);
			name = diceroller_finalproject;
			productName = diceroller_finalproject;
			productReference = 3059C8AA237656FF005FFA93 /* diceroller_finalproject.app */;
			productType = "com.apple.product-type.application";
		};
/* End PBXNativeTarget section */

/* Begin PBXProject section */
		3059C8A2237656FF005FFA93 /* Project object */ = {
			isa = PBXProject;
			attributes = {
				LastSwiftUpdateCheck = 1120;
				LastUpgradeCheck = 1120;
				ORGANIZATIONNAME = Razerware;
				TargetAttributes = {
					3059C8A9237656FF005FFA93 = {
						CreatedOnToolsVersion = 11.2;
					};
				};
			};
			buildConfigurationList = 3059C8A5237656FF005FFA93 /* Build configuration list for PBXProject "diceroller_finalproject" */;
			compatibilityVersion = "Xcode 9.3";
			developmentRegion = en;
			hasScannedForEncodings = 0;
			knownRegions = (
				en,
				Base,
			);
			mainGroup = 3059C8A1237656FF005FFA93;
			productRefGroup = 3059C8AB237656FF005FFA93 /* Products */;
			projectDirPath = "";
			projectRoot = "";
			targets = (
				3059C8A9237656FF005FFA93 /* diceroller_finalproject */,
			);
		};
/* End PBXProject section */

/* Begin PBXResourcesBuildPhase section */
		3059C8A8237656FF005FFA93 /* Resources */ = {
			isa = PBXResourcesBuildPhase;
			buildActionMask = 2147483647;
			files = (
				3059C8BD23765701005FFA93 /* LaunchScreen.storyboard in Resources */,
				3059C8BA23765701005FFA93 /* Assets.xcassets in Resources */,
				3059C8B5237656FF005FFA93 /* Main.storyboard in Resources */,
			);
			runOnlyForDeploymentPostprocessing = 0;
		};
/* End PBXResourcesBuildPhase section */

/* Begin PBXSourcesBuildPhase section */
		3059C8A6237656FF005FFA93 /* Sources */ = {
			isa = PBXSourcesBuildPhase;
			buildActionMask = 2147483647;
			files = (
				3059C8B2237656FF005FFA93 /* ViewController.swift in Sources */,
				38CCDD6C238378B100FD08A8 /* DiceViewController.swift in Sources */,
				38CCDD70238378F900FD08A8 /* DiceGraphic.swift in Sources */,
				38CCDD6E238378D500FD08A8 /* Dice.swift in Sources */,
				388A248D2389BEA8004710EF /* Monster.swift in Sources */,
				38F8A57E237CA27300948791 /* CharacterTableViewController.swift in Sources */,
				3059C8B8237656FF005FFA93 /* diceroller_finalproject.xcdatamodeld in Sources */,
				38C9A7F2239AD8E600B88CB1 /* noBarViewController.swift in Sources */,
				3059C8AE237656FF005FFA93 /* AppDelegate.swift in Sources */,
				3059C8B0237656FF005FFA93 /* SceneDelegate.swift in Sources */,
				38F8A582237CA3FD00948791 /* AddCharacterViewController.swift in Sources */,
				38F8A580237CA2DD00948791 /* CharacterTableViewCell.swift in Sources */,
				38435FE0237F5E9A00654178 /* Character.swift in Sources */,
			);
			runOnlyForDeploymentPostprocessing = 0;
		};
/* End PBXSourcesBuildPhase section */

/* Begin PBXVariantGroup section */
		3059C8B3237656FF005FFA93 /* Main.storyboard */ = {
			isa = PBXVariantGroup;
			children = (
				3059C8B4237656FF005FFA93 /* Base */,
			);
			name = Main.storyboard;
			sourceTree = "<group>";
		};
		3059C8BB23765701005FFA93 /* LaunchScreen.storyboard */ = {
			isa = PBXVariantGroup;
			children = (
				3059C8BC23765701005FFA93 /* Base */,
			);
			name = LaunchScreen.storyboard;
			sourceTree = "<group>";
		};
/* End PBXVariantGroup section */

/* Begin XCBuildConfiguration section */
		3059C8BF23765701005FFA93 /* Debug */ = {
			isa = XCBuildConfiguration;
			buildSettings = {
				ALWAYS_SEARCH_USER_PATHS = NO;
				CLANG_ANALYZER_NONNULL = YES;
				CLANG_ANALYZER_NUMBER_OBJECT_CONVERSION = YES_AGGRESSIVE;
				CLANG_CXX_LANGUAGE_STANDARD = "gnu++14";
				CLANG_CXX_LIBRARY = "libc++";
				CLANG_ENABLE_MODULES = YES;
				CLANG_ENABLE_OBJC_ARC = YES;
				CLANG_ENABLE_OBJC_WEAK = YES;
				CLANG_WARN_BLOCK_CAPTURE_AUTORELEASING = YES;
				CLANG_WARN_BOOL_CONVERSION = YES;
				CLANG_WARN_COMMA = YES;
				CLANG_WARN_CONSTANT_CONVERSION = YES;
				CLANG_WARN_DEPRECATED_OBJC_IMPLEMENTATIONS = YES;
				CLANG_WARN_DIRECT_OBJC_ISA_USAGE = YES_ERROR;
				CLANG_WARN_DOCUMENTATION_COMMENTS = YES;
				CLANG_WARN_EMPTY_BODY = YES;
				CLANG_WARN_ENUM_CONVERSION = YES;
				CLANG_WARN_INFINITE_RECURSION = YES;
				CLANG_WARN_INT_CONVERSION = YES;
				CLANG_WARN_NON_LITERAL_NULL_CONVERSION = YES;
				CLANG_WARN_OBJC_IMPLICIT_RETAIN_SELF = YES;
				CLANG_WARN_OBJC_LITERAL_CONVERSION = YES;
				CLANG_WARN_OBJC_ROOT_CLASS = YES_ERROR;
				CLANG_WARN_RANGE_LOOP_ANALYSIS = YES;
				CLANG_WARN_STRICT_PROTOTYPES = YES;
				CLANG_WARN_SUSPICIOUS_MOVE = YES;
				CLANG_WARN_UNGUARDED_AVAILABILITY = YES_AGGRESSIVE;
				CLANG_WARN_UNREACHABLE_CODE = YES;
				CLANG_WARN__DUPLICATE_METHOD_MATCH = YES;
				COPY_PHASE_STRIP = NO;
				DEBUG_INFORMATION_FORMAT = dwarf;
				ENABLE_STRICT_OBJC_MSGSEND = YES;
				ENABLE_TESTABILITY = YES;
				GCC_C_LANGUAGE_STANDARD = gnu11;
				GCC_DYNAMIC_NO_PIC = NO;
				GCC_NO_COMMON_BLOCKS = YES;
				GCC_OPTIMIZATION_LEVEL = 0;
				GCC_PREPROCESSOR_DEFINITIONS = (
					"DEBUG=1",
					"$(inherited)",
				);
				GCC_WARN_64_TO_32_BIT_CONVERSION = YES;
				GCC_WARN_ABOUT_RETURN_TYPE = YES_ERROR;
				GCC_WARN_UNDECLARED_SELECTOR = YES;
				GCC_WARN_UNINITIALIZED_AUTOS = YES_AGGRESSIVE;
				GCC_WARN_UNUSED_FUNCTION = YES;
				GCC_WARN_UNUSED_VARIABLE = YES;
				IPHONEOS_DEPLOYMENT_TARGET = 13.2;
				MTL_ENABLE_DEBUG_INFO = INCLUDE_SOURCE;
				MTL_FAST_MATH = YES;
				ONLY_ACTIVE_ARCH = YES;
				SDKROOT = iphoneos;
				SWIFT_ACTIVE_COMPILATION_CONDITIONS = DEBUG;
				SWIFT_OPTIMIZATION_LEVEL = "-Onone";
			};
			name = Debug;
		};
		3059C8C023765701005FFA93 /* Release */ = {
			isa = XCBuildConfiguration;
			buildSettings = {
				ALWAYS_SEARCH_USER_PATHS = NO;
				CLANG_ANALYZER_NONNULL = YES;
				CLANG_ANALYZER_NUMBER_OBJECT_CONVERSION = YES_AGGRESSIVE;
				CLANG_CXX_LANGUAGE_STANDARD = "gnu++14";
				CLANG_CXX_LIBRARY = "libc++";
				CLANG_ENABLE_MODULES = YES;
				CLANG_ENABLE_OBJC_ARC = YES;
				CLANG_ENABLE_OBJC_WEAK = YES;
				CLANG_WARN_BLOCK_CAPTURE_AUTORELEASING = YES;
				CLANG_WARN_BOOL_CONVERSION = YES;
				CLANG_WARN_COMMA = YES;
				CLANG_WARN_CONSTANT_CONVERSION = YES;
				CLANG_WARN_DEPRECATED_OBJC_IMPLEMENTATIONS = YES;
				CLANG_WARN_DIRECT_OBJC_ISA_USAGE = YES_ERROR;
				CLANG_WARN_DOCUMENTATION_COMMENTS = YES;
				CLANG_WARN_EMPTY_BODY = YES;
				CLANG_WARN_ENUM_CONVERSION = YES;
				CLANG_WARN_INFINITE_RECURSION = YES;
				CLANG_WARN_INT_CONVERSION = YES;
				CLANG_WARN_NON_LITERAL_NULL_CONVERSION = YES;
				CLANG_WARN_OBJC_IMPLICIT_RETAIN_SELF = YES;
				CLANG_WARN_OBJC_LITERAL_CONVERSION = YES;
				CLANG_WARN_OBJC_ROOT_CLASS = YES_ERROR;
				CLANG_WARN_RANGE_LOOP_ANALYSIS = YES;
				CLANG_WARN_STRICT_PROTOTYPES = YES;
				CLANG_WARN_SUSPICIOUS_MOVE = YES;
				CLANG_WARN_UNGUARDED_AVAILABILITY = YES_AGGRESSIVE;
				CLANG_WARN_UNREACHABLE_CODE = YES;
				CLANG_WARN__DUPLICATE_METHOD_MATCH = YES;
				COPY_PHASE_STRIP = NO;
				DEBUG_INFORMATION_FORMAT = "dwarf-with-dsym";
				ENABLE_NS_ASSERTIONS = NO;
				ENABLE_STRICT_OBJC_MSGSEND = YES;
				GCC_C_LANGUAGE_STANDARD = gnu11;
				GCC_NO_COMMON_BLOCKS = YES;
				GCC_WARN_64_TO_32_BIT_CONVERSION = YES;
				GCC_WARN_ABOUT_RETURN_TYPE = YES_ERROR;
				GCC_WARN_UNDECLARED_SELECTOR = YES;
				GCC_WARN_UNINITIALIZED_AUTOS = YES_AGGRESSIVE;
				GCC_WARN_UNUSED_FUNCTION = YES;
				GCC_WARN_UNUSED_VARIABLE = YES;
				IPHONEOS_DEPLOYMENT_TARGET = 13.2;
				MTL_ENABLE_DEBUG_INFO = NO;
				MTL_FAST_MATH = YES;
				SDKROOT = iphoneos;
				SWIFT_COMPILATION_MODE = wholemodule;
				SWIFT_OPTIMIZATION_LEVEL = "-O";
				VALIDATE_PRODUCT = YES;
			};
			name = Release;
		};
		3059C8C223765701005FFA93 /* Debug */ = {
			isa = XCBuildConfiguration;
			buildSettings = {
				ALWAYS_EMBED_SWIFT_STANDARD_LIBRARIES = YES;
				ASSETCATALOG_COMPILER_APPICON_NAME = AppIcon;
				CODE_SIGN_STYLE = Automatic;
				DEVELOPMENT_TEAM = XG59Q6H52P;
				INFOPLIST_FILE = diceroller_finalproject/Info.plist;
				IPHONEOS_DEPLOYMENT_TARGET = 13.1;
				LD_RUNPATH_SEARCH_PATHS = (
					"$(inherited)",
					"@executable_path/Frameworks",
				);
				PRODUCT_BUNDLE_IDENTIFIER = "com.razerware.diceroller-finalproject";
				PRODUCT_NAME = "$(TARGET_NAME)";
				SWIFT_VERSION = 5.0;
				TARGETED_DEVICE_FAMILY = "1,2";
			};
			name = Debug;
		};
		3059C8C323765701005FFA93 /* Release */ = {
			isa = XCBuildConfiguration;
			buildSettings = {
				ALWAYS_EMBED_SWIFT_STANDARD_LIBRARIES = YES;
				ASSETCATALOG_COMPILER_APPICON_NAME = AppIcon;
				CODE_SIGN_STYLE = Automatic;
				DEVELOPMENT_TEAM = XG59Q6H52P;
				INFOPLIST_FILE = diceroller_finalproject/Info.plist;
				IPHONEOS_DEPLOYMENT_TARGET = 13.1;
				LD_RUNPATH_SEARCH_PATHS = (
					"$(inherited)",
					"@executable_path/Frameworks",
				);
				PRODUCT_BUNDLE_IDENTIFIER = "com.razerware.diceroller-finalproject";
				PRODUCT_NAME = "$(TARGET_NAME)";
				SWIFT_VERSION = 5.0;
				TARGETED_DEVICE_FAMILY = "1,2";
			};
			name = Release;
		};
/* End XCBuildConfiguration section */

/* Begin XCConfigurationList section */
		3059C8A5237656FF005FFA93 /* Build configuration list for PBXProject "diceroller_finalproject" */ = {
			isa = XCConfigurationList;
			buildConfigurations = (
				3059C8BF23765701005FFA93 /* Debug */,
				3059C8C023765701005FFA93 /* Release */,
			);
			defaultConfigurationIsVisible = 0;
			defaultConfigurationName = Release;
		};
		3059C8C123765701005FFA93 /* Build configuration list for PBXNativeTarget "diceroller_finalproject" */ = {
			isa = XCConfigurationList;
			buildConfigurations = (
				3059C8C223765701005FFA93 /* Debug */,
				3059C8C323765701005FFA93 /* Release */,
			);
			defaultConfigurationIsVisible = 0;
			defaultConfigurationName = Release;
		};
/* End XCConfigurationList section */

/* Begin XCVersionGroup section */
		3059C8B6237656FF005FFA93 /* diceroller_finalproject.xcdatamodeld */ = {
			isa = XCVersionGroup;
			children = (
				3059C8B7237656FF005FFA93 /* diceroller_finalproject.xcdatamodel */,
			);
			currentVersion = 3059C8B7237656FF005FFA93 /* diceroller_finalproject.xcdatamodel */;
			path = diceroller_finalproject.xcdatamodeld;
			sourceTree = "<group>";
			versionGroupType = wrapper.xcdatamodel;
		};
/* End XCVersionGroup section */
	};
	rootObject = 3059C8A2237656FF005FFA93 /* Project object */;
}
